
Microsoft Visual Studio Solution File, Format Version 12.00
# Visual Studio Version 16
VisualStudioVersion = 16.6.30114.105
MinimumVisualStudioVersion = 10.0.40219.1
Project("{FAE04EC0-301F-11D3-BF4B-00C04F79EFBC}") = "Penguin.Cms.Abstractions.Local", "Penguin.Cms.Abstractions.Local.csproj", "{5091A9AF-987C-4C82-8B5D-21F453923C13}"
EndProject
Project("{FAE04EC0-301F-11D3-BF4B-00C04F79EFBC}") = "Penguin.DependencyInjection.Abstractions.Local", "..\Penguin.DependencyInjection.Abstractions\Penguin.DependencyInjection.Abstractions.Local.csproj", "{5EE54704-2E77-4778-9523-BA913A3BA987}"
EndProject
Project("{FAE04EC0-301F-11D3-BF4B-00C04F79EFBC}") = "Penguin.Persistence.Abstractions.Local", "..\Penguin.Persistence.Abstractions\Penguin.Persistence.Abstractions.Local.csproj", "{CDBB8ABA-F041-46B4-AA89-1655E7854605}"
EndProject
Project("{FAE04EC0-301F-11D3-BF4B-00C04F79EFBC}") = "Penguin.Entities.Abstractions.Local", "..\Penguin.Entities.Abstractions\Penguin.Entities.Abstractions.Local.csproj", "{B20F4934-227A-42F5-8C3E-E9782FF9D7FD}"
EndProject
Project("{FAE04EC0-301F-11D3-BF4B-00C04F79EFBC}") = "Penguin.Reflection.Extensions.Local", "..\Penguin.Reflection.Extensions\Penguin.Reflection.Extensions.Local.csproj", "{5E6B7CAE-37B0-4A7C-8931-A34532D4A45E}"
EndProject
Project("{FAE04EC0-301F-11D3-BF4B-00C04F79EFBC}") = "Penguin.Reflection.Abstractions.Local", "..\Penguin.Reflection.Abstractions\Penguin.Reflection.Abstractions.Local.csproj", "{86CCD274-B9B5-4A9A-83AD-AAB70DEA533C}"
EndProject
Project("{FAE04EC0-301F-11D3-BF4B-00C04F79EFBC}") = "Penguin.Extensions.String.Local", "..\Penguin.Extensions.String\Penguin.Extensions.String.Local.csproj", "{401ADC76-22BD-41E5-9562-94D58063EF3A}"
EndProject
Global
	GlobalSection(SolutionConfigurationPlatforms) = preSolution
		Debug|Any CPU = Debug|Any CPU
		Debug|x64 = Debug|x64
		Debug|x86 = Debug|x86
		Release|Any CPU = Release|Any CPU
		Release|x64 = Release|x64
		Release|x86 = Release|x86
	EndGlobalSection
	GlobalSection(SolutionProperties) = preSolution
		HideSolutionNode = FALSE
	EndGlobalSection
	GlobalSection(ProjectConfigurationPlatforms) = postSolution
		{5091A9AF-987C-4C82-8B5D-21F453923C13}.Debug|Any CPU.ActiveCfg = Debug|Any CPU
		{5091A9AF-987C-4C82-8B5D-21F453923C13}.Debug|Any CPU.Build.0 = Debug|Any CPU
		{5091A9AF-987C-4C82-8B5D-21F453923C13}.Debug|x64.ActiveCfg = Debug|Any CPU
		{5091A9AF-987C-4C82-8B5D-21F453923C13}.Debug|x64.Build.0 = Debug|Any CPU
		{5091A9AF-987C-4C82-8B5D-21F453923C13}.Debug|x86.ActiveCfg = Debug|Any CPU
		{5091A9AF-987C-4C82-8B5D-21F453923C13}.Debug|x86.Build.0 = Debug|Any CPU
		{5091A9AF-987C-4C82-8B5D-21F453923C13}.Release|Any CPU.ActiveCfg = Release|Any CPU
		{5091A9AF-987C-4C82-8B5D-21F453923C13}.Release|Any CPU.Build.0 = Release|Any CPU
		{5091A9AF-987C-4C82-8B5D-21F453923C13}.Release|x64.ActiveCfg = Release|Any CPU
		{5091A9AF-987C-4C82-8B5D-21F453923C13}.Release|x64.Build.0 = Release|Any CPU
		{5091A9AF-987C-4C82-8B5D-21F453923C13}.Release|x86.ActiveCfg = Release|Any CPU
		{5091A9AF-987C-4C82-8B5D-21F453923C13}.Release|x86.Build.0 = Release|Any CPU
		{5EE54704-2E77-4778-9523-BA913A3BA987}.Debug|Any CPU.ActiveCfg = Debug|Any CPU
		{5EE54704-2E77-4778-9523-BA913A3BA987}.Debug|Any CPU.Build.0 = Debug|Any CPU
		{5EE54704-2E77-4778-9523-BA913A3BA987}.Debug|x64.ActiveCfg = Debug|Any CPU
		{5EE54704-2E77-4778-9523-BA913A3BA987}.Debug|x64.Build.0 = Debug|Any CPU
		{5EE54704-2E77-4778-9523-BA913A3BA987}.Debug|x86.ActiveCfg = Debug|Any CPU
		{5EE54704-2E77-4778-9523-BA913A3BA987}.Debug|x86.Build.0 = Debug|Any CPU
		{5EE54704-2E77-4778-9523-BA913A3BA987}.Release|Any CPU.ActiveCfg = Release|Any CPU
		{5EE54704-2E77-4778-9523-BA913A3BA987}.Release|Any CPU.Build.0 = Release|Any CPU
		{5EE54704-2E77-4778-9523-BA913A3BA987}.Release|x64.ActiveCfg = Release|Any CPU
		{5EE54704-2E77-4778-9523-BA913A3BA987}.Release|x64.Build.0 = Release|Any CPU
		{5EE54704-2E77-4778-9523-BA913A3BA987}.Release|x86.ActiveCfg = Release|Any CPU
		{5EE54704-2E77-4778-9523-BA913A3BA987}.Release|x86.Build.0 = Release|Any CPU
		{CDBB8ABA-F041-46B4-AA89-1655E7854605}.Debug|Any CPU.ActiveCfg = Debug|Any CPU
		{CDBB8ABA-F041-46B4-AA89-1655E7854605}.Debug|Any CPU.Build.0 = Debug|Any CPU
		{CDBB8ABA-F041-46B4-AA89-1655E7854605}.Debug|x64.ActiveCfg = Debug|Any CPU
		{CDBB8ABA-F041-46B4-AA89-1655E7854605}.Debug|x64.Build.0 = Debug|Any CPU
		{CDBB8ABA-F041-46B4-AA89-1655E7854605}.Debug|x86.ActiveCfg = Debug|Any CPU
		{CDBB8ABA-F041-46B4-AA89-1655E7854605}.Debug|x86.Build.0 = Debug|Any CPU
		{CDBB8ABA-F041-46B4-AA89-1655E7854605}.Release|Any CPU.ActiveCfg = Release|Any CPU
		{CDBB8ABA-F041-46B4-AA89-1655E7854605}.Release|Any CPU.Build.0 = Release|Any CPU
		{CDBB8ABA-F041-46B4-AA89-1655E7854605}.Release|x64.ActiveCfg = Release|Any CPU
		{CDBB8ABA-F041-46B4-AA89-1655E7854605}.Release|x64.Build.0 = Release|Any CPU
		{CDBB8ABA-F041-46B4-AA89-1655E7854605}.Release|x86.ActiveCfg = Release|Any CPU
		{CDBB8ABA-F041-46B4-AA89-1655E7854605}.Release|x86.Build.0 = Release|Any CPU
		{B20F4934-227A-42F5-8C3E-E9782FF9D7FD}.Debug|Any CPU.ActiveCfg = Debug|Any CPU
		{B20F4934-227A-42F5-8C3E-E9782FF9D7FD}.Debug|Any CPU.Build.0 = Debug|Any CPU
		{B20F4934-227A-42F5-8C3E-E9782FF9D7FD}.Debug|x64.ActiveCfg = Debug|Any CPU
		{B20F4934-227A-42F5-8C3E-E9782FF9D7FD}.Debug|x64.Build.0 = Debug|Any CPU
		{B20F4934-227A-42F5-8C3E-E9782FF9D7FD}.Debug|x86.ActiveCfg = Debug|Any CPU
		{B20F4934-227A-42F5-8C3E-E9782FF9D7FD}.Debug|x86.Build.0 = Debug|Any CPU
		{B20F4934-227A-42F5-8C3E-E9782FF9D7FD}.Release|Any CPU.ActiveCfg = Release|Any CPU
		{B20F4934-227A-42F5-8C3E-E9782FF9D7FD}.Release|Any CPU.Build.0 = Release|Any CPU
		{B20F4934-227A-42F5-8C3E-E9782FF9D7FD}.Release|x64.ActiveCfg = Release|Any CPU
		{B20F4934-227A-42F5-8C3E-E9782FF9D7FD}.Release|x64.Build.0 = Release|Any CPU
		{B20F4934-227A-42F5-8C3E-E9782FF9D7FD}.Release|x86.ActiveCfg = Release|Any CPU
		{B20F4934-227A-42F5-8C3E-E9782FF9D7FD}.Release|x86.Build.0 = Release|Any CPU
		{5E6B7CAE-37B0-4A7C-8931-A34532D4A45E}.Debug|Any CPU.ActiveCfg = Debug|Any CPU
		{5E6B7CAE-37B0-4A7C-8931-A34532D4A45E}.Debug|Any CPU.Build.0 = Debug|Any CPU
		{5E6B7CAE-37B0-4A7C-8931-A34532D4A45E}.Debug|x64.ActiveCfg = Debug|Any CPU
		{5E6B7CAE-37B0-4A7C-8931-A34532D4A45E}.Debug|x64.Build.0 = Debug|Any CPU
		{5E6B7CAE-37B0-4A7C-8931-A34532D4A45E}.Debug|x86.ActiveCfg = Debug|Any CPU
		{5E6B7CAE-37B0-4A7C-8931-A34532D4A45E}.Debug|x86.Build.0 = Debug|Any CPU
		{5E6B7CAE-37B0-4A7C-8931-A34532D4A45E}.Release|Any CPU.ActiveCfg = Release|Any CPU
		{5E6B7CAE-37B0-4A7C-8931-A34532D4A45E}.Release|Any CPU.Build.0 = Release|Any CPU
		{5E6B7CAE-37B0-4A7C-8931-A34532D4A45E}.Release|x64.ActiveCfg = Release|Any CPU
		{5E6B7CAE-37B0-4A7C-8931-A34532D4A45E}.Release|x64.Build.0 = Release|Any CPU
		{5E6B7CAE-37B0-4A7C-8931-A34532D4A45E}.Release|x86.ActiveCfg = Release|Any CPU
		{5E6B7CAE-37B0-4A7C-8931-A34532D4A45E}.Release|x86.Build.0 = Release|Any CPU
		{86CCD274-B9B5-4A9A-83AD-AAB70DEA533C}.Debug|Any CPU.ActiveCfg = Debug|Any CPU
		{86CCD274-B9B5-4A9A-83AD-AAB70DEA533C}.Debug|Any CPU.Build.0 = Debug|Any CPU
		{86CCD274-B9B5-4A9A-83AD-AAB70DEA533C}.Debug|x64.ActiveCfg = Debug|Any CPU
		{86CCD274-B9B5-4A9A-83AD-AAB70DEA533C}.Debug|x64.Build.0 = Debug|Any CPU
		{86CCD274-B9B5-4A9A-83AD-AAB70DEA533C}.Debug|x86.ActiveCfg = Debug|Any CPU
		{86CCD274-B9B5-4A9A-83AD-AAB70DEA533C}.Debug|x86.Build.0 = Debug|Any CPU
		{86CCD274-B9B5-4A9A-83AD-AAB70DEA533C}.Release|Any CPU.ActiveCfg = Release|Any CPU
		{86CCD274-B9B5-4A9A-83AD-AAB70DEA533C}.Release|Any CPU.Build.0 = Release|Any CPU
		{86CCD274-B9B5-4A9A-83AD-AAB70DEA533C}.Release|x64.ActiveCfg = Release|Any CPU
		{86CCD274-B9B5-4A9A-83AD-AAB70DEA533C}.Release|x64.Build.0 = Release|Any CPU
		{86CCD274-B9B5-4A9A-83AD-AAB70DEA533C}.Release|x86.ActiveCfg = Release|Any CPU
		{86CCD274-B9B5-4A9A-83AD-AAB70DEA533C}.Release|x86.Build.0 = Release|Any CPU
		{401ADC76-22BD-41E5-9562-94D58063EF3A}.Debug|Any CPU.ActiveCfg = Debug|Any CPU
		{401ADC76-22BD-41E5-9562-94D58063EF3A}.Debug|Any CPU.Build.0 = Debug|Any CPU
		{401ADC76-22BD-41E5-9562-94D58063EF3A}.Debug|x64.ActiveCfg = Debug|Any CPU
		{401ADC76-22BD-41E5-9562-94D58063EF3A}.Debug|x64.Build.0 = Debug|Any CPU
		{401ADC76-22BD-41E5-9562-94D58063EF3A}.Debug|x86.ActiveCfg = Debug|Any CPU
		{401ADC76-22BD-41E5-9562-94D58063EF3A}.Debug|x86.Build.0 = Debug|Any CPU
		{401ADC76-22BD-41E5-9562-94D58063EF3A}.Release|Any CPU.ActiveCfg = Release|Any CPU
		{401ADC76-22BD-41E5-9562-94D58063EF3A}.Release|Any CPU.Build.0 = Release|Any CPU
		{401ADC76-22BD-41E5-9562-94D58063EF3A}.Release|x64.ActiveCfg = Release|Any CPU
		{401ADC76-22BD-41E5-9562-94D58063EF3A}.Release|x64.Build.0 = Release|Any CPU
		{401ADC76-22BD-41E5-9562-94D58063EF3A}.Release|x86.ActiveCfg = Release|Any CPU
		{401ADC76-22BD-41E5-9562-94D58063EF3A}.Release|x86.Build.0 = Release|Any CPU
	EndGlobalSection
EndGlobal
